// !$*UTF8*$!
{ archiveVersion = 1; classes = {}; objectVersion = 56; objects = {
29273E4C2AFAEACD0FB70BB0 = { isa = PBXFileReference; lastKnownFileType = sourcecode.swift; path = "Shared/NetworkAvailability.swift"; sourceTree = SOURCE_ROOT; };
663C8BAB07ECF3600914DEC7 = { isa = PBXFileReference; lastKnownFileType = sourcecode.swift; path = "Shared/SecureSession.swift"; sourceTree = SOURCE_ROOT; };
5D39333CAE9EA0500E4DB925 = { isa = PBXFileReference; lastKnownFileType = sourcecode.swift; path = "Shared/SessionCollector.swift"; sourceTree = SOURCE_ROOT; };
EDE5198AC36CB8CD35F6B022 = { isa = PBXFileReference; lastKnownFileType = sourcecode.swift; path = "Shared/TrackerRepository.swift"; sourceTree = SOURCE_ROOT; };
8858E99E0D52ACD0A821E6DC = { isa = PBXFileReference; lastKnownFileType = sourcecode.swift; path = "Shared/TrackerSettings.swift"; sourceTree = SOURCE_ROOT; };
2FD0C9BEB6B080A4D690B1BE = { isa = PBXFileReference; lastKnownFileType = sourcecode.swift; path = "Shared/TrackerStyle.swift"; sourceTree = SOURCE_ROOT; };
44833B0CF6494522FE9FC18D = { isa = PBXFileReference; lastKnownFileType = sourcecode.swift; path = "Shared/TrackerWidgetContent.swift"; sourceTree = SOURCE_ROOT; };
AF89E8F8BA6AB147CB43673A = { isa = PBXFileReference; lastKnownFileType = sourcecode.swift; path = "Shared/WidgetUpdates.swift"; sourceTree = SOURCE_ROOT; };
F922513F28F340483263DAEB = { isa = PBXFileReference; lastKnownFileType = sourcecode.swift; path = "App/AccountDetailView.swift"; sourceTree = SOURCE_ROOT; };
282A1487BAD81388BEE6E89D = { isa = PBXFileReference; lastKnownFileType = sourcecode.swift; path = "App/BackgroundRefresh.swift"; sourceTree = SOURCE_ROOT; };
A695C2B2BA5D1210AD8C4107 = { isa = PBXFileReference; lastKnownFileType = sourcecode.swift; path = "App/FollowerTrackerApp.swift"; sourceTree = SOURCE_ROOT; };
58190177303E80CD8EA13EDD = { isa = PBXFileReference; lastKnownFileType = sourcecode.swift; path = "App/RelationshipsView.swift"; sourceTree = SOURCE_ROOT; };
3EC751816C783CF8FA6015E3 = { isa = PBXFileReference; lastKnownFileType = sourcecode.swift; path = "App/SessionLoginView.swift"; sourceTree = SOURCE_ROOT; };
E71031FC322E96B4538168FC = { isa = PBXFileReference; lastKnownFileType = sourcecode.swift; path = "App/TrackerComponents.swift"; sourceTree = SOURCE_ROOT; };
141C04EBE79368A06273DB05 = { isa = PBXFileReference; lastKnownFileType = sourcecode.swift; path = "App/TrackerHomeView.swift"; sourceTree = SOURCE_ROOT; };
35E5DCF2FE2E24E4B57E7B54 = { isa = PBXFileReference; lastKnownFileType = sourcecode.swift; path = "App/TrackerModel.swift"; sourceTree = SOURCE_ROOT; };
751D6191585F41145ADEFA76 = { isa = PBXFileReference; lastKnownFileType = sourcecode.swift; path = "App/TrackerMoreView.swift"; sourceTree = SOURCE_ROOT; };
B694B33851CBB7631C2D6246 = { isa = PBXFileReference; lastKnownFileType = sourcecode.swift; path = "App/TrackerRootView.swift"; sourceTree = SOURCE_ROOT; };
13597BA9F0A9A2919E91D59C = { isa = PBXFileReference; lastKnownFileType = sourcecode.swift; path = "App/TrackerSettingsView.swift"; sourceTree = SOURCE_ROOT; };
CEAC8E343CCC011421D46F21 = { isa = PBXFileReference; lastKnownFileType = sourcecode.swift; path = "App/TrackerSupportView.swift"; sourceTree = SOURCE_ROOT; };
440A15146E19A03FC521786E = { isa = PBXFileReference; lastKnownFileType = sourcecode.swift; path = "App/TrackerWidgetGallery.swift"; sourceTree = SOURCE_ROOT; };
178BD00804647481AD8DE513 = { isa = PBXFileReference; lastKnownFileType = sourcecode.swift; path = "Widget/FollowerTrackerWidget.swift"; sourceTree = SOURCE_ROOT; };
C41D5208F8E0249DF1ED7D77 = { isa = PBXFileReference; lastKnownFileType = sourcecode.swift; path = "Tests/AutoConnectionRuntimeTests.swift"; sourceTree = SOURCE_ROOT; };
25372F334F78BBCBCAA33D18 = { isa = PBXFileReference; lastKnownFileType = sourcecode.swift; path = "Tests/DesignRuntimeTests.swift"; sourceTree = SOURCE_ROOT; };
1D5DAA9836375D201BB02DB2 = { isa = PBXFileReference; lastKnownFileType = sourcecode.swift; path = "Tests/ResourceEfficiencyRuntimeTests.swift"; sourceTree = SOURCE_ROOT; };
B687AE9209285387956CE2BC = { isa = PBXFileReference; lastKnownFileType = sourcecode.swift; path = "Tests/SyncCooldownRuntimeTests.swift"; sourceTree = SOURCE_ROOT; };
7A5CCB0147A1F44705D7DBD4 = { isa = PBXFileReference; lastKnownFileType = folder.assetcatalog; path = "App/Assets.xcassets"; sourceTree = SOURCE_ROOT; };
9D47D2852C4D87F048C06374 = { isa = PBXFileReference; lastKnownFileType = text.xml; path = "Shared/PrivacyInfo.xcprivacy"; sourceTree = SOURCE_ROOT; };
3101247A89D39BFA0928F541 = { isa = PBXFileReference; lastKnownFileType = sourcecode.javascript; path = "../shared/web-session-capture.js"; sourceTree = SOURCE_ROOT; };
50778595AA221B068518C8A3 = { isa = PBXFileReference; lastKnownFileType = text.xcconfig; path = "Config/Base.xcconfig"; sourceTree = SOURCE_ROOT; };
624A8F936E0903B5DF7F6FC4 = { isa = PBXFileReference; lastKnownFileType = text.plist.xml; path = "App/Info.plist"; sourceTree = SOURCE_ROOT; };
B861BC2F2696217D6987ED25 = { isa = PBXFileReference; lastKnownFileType = text.plist.xml; path = "Widget/Info.plist"; sourceTree = SOURCE_ROOT; };
5A6E28921B8D563B33786CD7 = { isa = PBXFileReference; lastKnownFileType = text.plist.entitlements; path = "Config/Shared.entitlements"; sourceTree = SOURCE_ROOT; };
CF21FADD42EAB8F8303A3895 = { isa = XCLocalSwiftPackageReference; relativePath = FollowerCore; };
36992FD9EFCC35941EC8F506 = { isa = PBXFileReference; explicitFileType = wrapper.application; path = FollowerTracker.app; sourceTree = BUILT_PRODUCTS_DIR; };
ADF4965CB5BEA1567467450C = { isa = PBXFileReference; explicitFileType = "wrapper.app-extension"; path = FollowerTrackerWidget.appex; sourceTree = BUILT_PRODUCTS_DIR; };
1BDCCF10062BC847C2914E5C = { isa = PBXFileReference; explicitFileType = wrapper.cfbundle; path = FollowerTrackerTests.xctest; sourceTree = BUILT_PRODUCTS_DIR; };
FBDC4F23F93125BBEEAE800C = { isa = PBXGroup; name = Products; children = (36992FD9EFCC35941EC8F506,ADF4965CB5BEA1567467450C,1BDCCF10062BC847C2914E5C,); sourceTree = "<group>"; };
870B3294C0CBD48AF6BBCC1B = { isa = PBXGroup; children = (29273E4C2AFAEACD0FB70BB0,663C8BAB07ECF3600914DEC7,5D39333CAE9EA0500E4DB925,EDE5198AC36CB8CD35F6B022,8858E99E0D52ACD0A821E6DC,2FD0C9BEB6B080A4D690B1BE,44833B0CF6494522FE9FC18D,AF89E8F8BA6AB147CB43673A,F922513F28F340483263DAEB,282A1487BAD81388BEE6E89D,A695C2B2BA5D1210AD8C4107,58190177303E80CD8EA13EDD,3EC751816C783CF8FA6015E3,E71031FC322E96B4538168FC,141C04EBE79368A06273DB05,35E5DCF2FE2E24E4B57E7B54,751D6191585F41145ADEFA76,B694B33851CBB7631C2D6246,13597BA9F0A9A2919E91D59C,CEAC8E343CCC011421D46F21,440A15146E19A03FC521786E,178BD00804647481AD8DE513,C41D5208F8E0249DF1ED7D77,25372F334F78BBCBCAA33D18,1D5DAA9836375D201BB02DB2,B687AE9209285387956CE2BC,7A5CCB0147A1F44705D7DBD4,9D47D2852C4D87F048C06374,3101247A89D39BFA0928F541,50778595AA221B068518C8A3,624A8F936E0903B5DF7F6FC4,B861BC2F2696217D6987ED25,5A6E28921B8D563B33786CD7,FBDC4F23F93125BBEEAE800C,); sourceTree = "<group>"; };
C6B9066458651E8006346E2F = { isa = PBXBuildFile; fileRef = 29273E4C2AFAEACD0FB70BB0; };
D649CA7AB979EC67D97D73FD = { isa = PBXBuildFile; fileRef = 663C8BAB07ECF3600914DEC7; };
6B23A961A11CCEFA5B0F0C3B = { isa = PBXBuildFile; fileRef = 5D39333CAE9EA0500E4DB925; };
A04266D1F691E96C4AF432F6 = { isa = PBXBuildFile; fileRef = EDE5198AC36CB8CD35F6B022; };
AC3F0EAD18AF48585D5DB345 = { isa = PBXBuildFile; fileRef = 8858E99E0D52ACD0A821E6DC; };
507292ED8271233F0076458A = { isa = PBXBuildFile; fileRef = 2FD0C9BEB6B080A4D690B1BE; };
015F580197ACBA9CD6C2FAB5 = { isa = PBXBuildFile; fileRef = 44833B0CF6494522FE9FC18D; };
2AC515EE0656277D733F00DC = { isa = PBXBuildFile; fileRef = AF89E8F8BA6AB147CB43673A; };
184A627ABCC04E0486E9FBE0 = { isa = PBXBuildFile; fileRef = 178BD00804647481AD8DE513; };
16E1A95CBFCC82B83228BBE2 = { isa = PBXSourcesBuildPhase; buildActionMask = 2147483647; files = (C6B9066458651E8006346E2F,D649CA7AB979EC67D97D73FD,6B23A961A11CCEFA5B0F0C3B,A04266D1F691E96C4AF432F6,AC3F0EAD18AF48585D5DB345,507292ED8271233F0076458A,015F580197ACBA9CD6C2FAB5,2AC515EE0656277D733F00DC,184A627ABCC04E0486E9FBE0,); runOnlyForDeploymentPostprocessing = 0; };
7F1B9FCDCECD890FFC079E57 = { isa = PBXBuildFile; fileRef = 9D47D2852C4D87F048C06374; };
038CFEECE72E90D50D298CE5 = { isa = PBXResourcesBuildPhase; buildActionMask = 2147483647; files = (7F1B9FCDCECD890FFC079E57,); runOnlyForDeploymentPostprocessing = 0; };
C40514DC7691D32B864CB132 = { isa = XCSwiftPackageProductDependency; package = CF21FADD42EAB8F8303A3895; productName = FollowerCore; };
FF71CC49483D7578741B0171 = { isa = PBXBuildFile; productRef = C40514DC7691D32B864CB132; };
3C7E0858299E0D6F5BE4484C = { isa = PBXFrameworksBuildPhase; buildActionMask = 2147483647; files = (FF71CC49483D7578741B0171,); runOnlyForDeploymentPostprocessing = 0; };
9B3AEEAA2F11ED846D1419F9 = { isa = XCBuildConfiguration; baseConfigurationReference = 50778595AA221B068518C8A3; buildSettings = { SDKROOT = "iphoneos"; SUPPORTED_PLATFORMS = "iphoneos iphonesimulator"; CLANG_ENABLE_MODULES = "YES"; ENABLE_USER_SCRIPT_SANDBOXING = "YES"; SWIFT_OPTIMIZATION_LEVEL = "-Onone"; SWIFT_COMPILATION_MODE = "singlefile"; SWIFT_ACTIVE_COMPILATION_CONDITIONS = "DEBUG"; ENABLE_TESTABILITY = "YES"; ONLY_ACTIVE_ARCH = "YES"; PRODUCT_NAME = "$(TARGET_NAME)"; PRODUCT_BUNDLE_IDENTIFIER = "dev.datell.followertracker.widget"; INFOPLIST_FILE = "Widget/Info.plist"; GENERATE_INFOPLIST_FILE = "NO"; CODE_SIGN_ENTITLEMENTS = "Config/Shared.entitlements"; OTHER_LDFLAGS = "$(inherited) -lsqlite3"; LD_RUNPATH_SEARCH_PATHS = "$(inherited) @executable_path/Frameworks @executable_path/../../Frameworks"; APPLICATION_EXTENSION_API_ONLY = "YES"; SKIP_INSTALL = "YES"; }; name = Debug; };
393DCE848472C684C845952B = { isa = XCBuildConfiguration; baseConfigurationReference = 50778595AA221B068518C8A3; buildSettings = { SDKROOT = "iphoneos"; SUPPORTED_PLATFORMS = "iphoneos iphonesimulator"; CLANG_ENABLE_MODULES = "YES"; ENABLE_USER_SCRIPT_SANDBOXING = "YES"; SWIFT_OPTIMIZATION_LEVEL = "-O"; SWIFT_COMPILATION_MODE = "wholemodule"; SWIFT_ACTIVE_COMPILATION_CONDITIONS = ""; ENABLE_TESTABILITY = "NO"; ONLY_ACTIVE_ARCH = "NO"; PRODUCT_NAME = "$(TARGET_NAME)"; PRODUCT_BUNDLE_IDENTIFIER = "dev.datell.followertracker.widget"; INFOPLIST_FILE = "Widget/Info.plist"; GENERATE_INFOPLIST_FILE = "NO"; CODE_SIGN_ENTITLEMENTS = "Config/Shared.entitlements"; OTHER_LDFLAGS = "$(inherited) -lsqlite3"; LD_RUNPATH_SEARCH_PATHS = "$(inherited) @executable_path/Frameworks @executable_path/../../Frameworks"; APPLICATION_EXTENSION_API_ONLY = "YES"; SKIP_INSTALL = "YES"; }; name = Release; };
4925C64004C9669F89D838D4 = { isa = XCConfigurationList; buildConfigurations = (9B3AEEAA2F11ED846D1419F9,393DCE848472C684C845952B,); defaultConfigurationIsVisible = 0; defaultConfigurationName = Release; };
6BB5464F1181450883D9881F = { isa = PBXNativeTarget; buildConfigurationList = 4925C64004C9669F89D838D4; buildPhases = (16E1A95CBFCC82B83228BBE2,3C7E0858299E0D6F5BE4484C,038CFEECE72E90D50D298CE5,); buildRules = (); dependencies = (); name = FollowerTrackerWidget; packageProductDependencies = (C40514DC7691D32B864CB132,); productName = FollowerTrackerWidget; productReference = ADF4965CB5BEA1567467450C; productType = "com.apple.product-type.app-extension"; };
937A01D863611CD7A85B6FE9 = { isa = PBXContainerItemProxy; containerPortal = 98F54143AB4E86B28C3AFEE0; proxyType = 1; remoteGlobalIDString = 6BB5464F1181450883D9881F; remoteInfo = FollowerTrackerWidget; };
A9181351A1FEE60D4A78323F = { isa = PBXTargetDependency; target = 6BB5464F1181450883D9881F; targetProxy = 937A01D863611CD7A85B6FE9; };
BB27AD7BBFDDAC09C73BE453 = { isa = PBXBuildFile; fileRef = ADF4965CB5BEA1567467450C; settings = { ATTRIBUTES = (RemoveHeadersOnCopy,); }; };
59F0EF556AF35CA7586D8A1E = { isa = PBXCopyFilesBuildPhase; buildActionMask = 2147483647; dstPath = ""; dstSubfolderSpec = 13; files = (BB27AD7BBFDDAC09C73BE453,); name = "Embed App Extensions"; runOnlyForDeploymentPostprocessing = 0; };
D97A7ED183F229A8940827F6 = { isa = PBXBuildFile; fileRef = 29273E4C2AFAEACD0FB70BB0; };
9BCEA3C435FCBE9CBC3B05FB = { isa = PBXBuildFile; fileRef = 663C8BAB07ECF3600914DEC7; };
EEDD4DBCC50FFE95C324FFC9 = { isa = PBXBuildFile; fileRef = 5D39333CAE9EA0500E4DB925; };
AC57948D0D9630BAA8E904D9 = { isa = PBXBuildFile; fileRef = EDE5198AC36CB8CD35F6B022; };
6B232A0D96C7BD4069FA70DA = { isa = PBXBuildFile; fileRef = 8858E99E0D52ACD0A821E6DC; };
D1CC2C005672CCE7C8AE7AC6 = { isa = PBXBuildFile; fileRef = 2FD0C9BEB6B080A4D690B1BE; };
47DBBAE40B022F4E7B54EE3E = { isa = PBXBuildFile; fileRef = 44833B0CF6494522FE9FC18D; };
7CF6D7A80575EDAC05AEB19E = { isa = PBXBuildFile; fileRef = AF89E8F8BA6AB147CB43673A; };
3A2251B801579A1B0ED4D488 = { isa = PBXBuildFile; fileRef = F922513F28F340483263DAEB; };
C717ED4015EF4172AAF49C54 = { isa = PBXBuildFile; fileRef = 282A1487BAD81388BEE6E89D; };
081BB629199B429118B8DC2A = { isa = PBXBuildFile; fileRef = A695C2B2BA5D1210AD8C4107; };
C1873D5AAD317BF4A60E6FA9 = { isa = PBXBuildFile; fileRef = 58190177303E80CD8EA13EDD; };
F04A30645360A9816DD1B335 = { isa = PBXBuildFile; fileRef = 3EC751816C783CF8FA6015E3; };
7346B1311272BB6513D6098B = { isa = PBXBuildFile; fileRef = E71031FC322E96B4538168FC; };
6B8318D5AC3D62B72DA0D8A2 = { isa = PBXBuildFile; fileRef = 141C04EBE79368A06273DB05; };
FF6096D20012D0B68B723199 = { isa = PBXBuildFile; fileRef = 35E5DCF2FE2E24E4B57E7B54; };
D29A300D4941D35E8592C933 = { isa = PBXBuildFile; fileRef = 751D6191585F41145ADEFA76; };
1AC70245F03DA068A6383AE0 = { isa = PBXBuildFile; fileRef = B694B33851CBB7631C2D6246; };
C0B50083D8F57FE213781B4E = { isa = PBXBuildFile; fileRef = 13597BA9F0A9A2919E91D59C; };
C177A3A8CBF7C873CEAB3B22 = { isa = PBXBuildFile; fileRef = CEAC8E343CCC011421D46F21; };
FCCC8EEDAFA9DA558590D90C = { isa = PBXBuildFile; fileRef = 440A15146E19A03FC521786E; };
2E43205D784F0DBE7EAF4074 = { isa = PBXSourcesBuildPhase; buildActionMask = 2147483647; files = (D97A7ED183F229A8940827F6,9BCEA3C435FCBE9CBC3B05FB,EEDD4DBCC50FFE95C324FFC9,AC57948D0D9630BAA8E904D9,6B232A0D96C7BD4069FA70DA,D1CC2C005672CCE7C8AE7AC6,47DBBAE40B022F4E7B54EE3E,7CF6D7A80575EDAC05AEB19E,3A2251B801579A1B0ED4D488,C717ED4015EF4172AAF49C54,081BB629199B429118B8DC2A,C1873D5AAD317BF4A60E6FA9,F04A30645360A9816DD1B335,7346B1311272BB6513D6098B,6B8318D5AC3D62B72DA0D8A2,FF6096D20012D0B68B723199,D29A300D4941D35E8592C933,1AC70245F03DA068A6383AE0,C0B50083D8F57FE213781B4E,C177A3A8CBF7C873CEAB3B22,FCCC8EEDAFA9DA558590D90C,); runOnlyForDeploymentPostprocessing = 0; };
4339ED5B7D3E98A563BADD4E = { isa = PBXBuildFile; fileRef = 7A5CCB0147A1F44705D7DBD4; };
88FDBCA1D7176BE45FB2FCB9 = { isa = PBXBuildFile; fileRef = 9D47D2852C4D87F048C06374; };
5E44C38C1CA3B0BCA9B06DF8 = { isa = PBXBuildFile; fileRef = 3101247A89D39BFA0928F541; };
F875C62DA5327C43ED5447BC = { isa = PBXResourcesBuildPhase; buildActionMask = 2147483647; files = (4339ED5B7D3E98A563BADD4E,88FDBCA1D7176BE45FB2FCB9,5E44C38C1CA3B0BCA9B06DF8,); runOnlyForDeploymentPostprocessing = 0; };
A5447A93EC711CF73CAE956D = { isa = XCSwiftPackageProductDependency; package = CF21FADD42EAB8F8303A3895; productName = FollowerCore; };
B548657DD715724DD9DE4F16 = { isa = PBXBuildFile; productRef = A5447A93EC711CF73CAE956D; };
F5E7543861731884D46236DF = { isa = PBXFrameworksBuildPhase; buildActionMask = 2147483647; files = (B548657DD715724DD9DE4F16,); runOnlyForDeploymentPostprocessing = 0; };
1D76DE36C7E2AB31F91215B1 = { isa = XCBuildConfiguration; baseConfigurationReference = 50778595AA221B068518C8A3; buildSettings = { SDKROOT = "iphoneos"; SUPPORTED_PLATFORMS = "iphoneos iphonesimulator"; CLANG_ENABLE_MODULES = "YES"; ENABLE_USER_SCRIPT_SANDBOXING = "YES"; SWIFT_OPTIMIZATION_LEVEL = "-Onone"; SWIFT_COMPILATION_MODE = "singlefile"; SWIFT_ACTIVE_COMPILATION_CONDITIONS = "DEBUG"; ENABLE_TESTABILITY = "YES"; ONLY_ACTIVE_ARCH = "YES"; PRODUCT_NAME = "$(TARGET_NAME)"; PRODUCT_BUNDLE_IDENTIFIER = "dev.datell.followertracker"; INFOPLIST_FILE = "App/Info.plist"; GENERATE_INFOPLIST_FILE = "NO"; CODE_SIGN_ENTITLEMENTS = "Config/Shared.entitlements"; OTHER_LDFLAGS = "$(inherited) -lsqlite3"; LD_RUNPATH_SEARCH_PATHS = "$(inherited) @executable_path/Frameworks"; APPLICATION_EXTENSION_API_ONLY = "NO"; SKIP_INSTALL = "NO"; ASSETCATALOG_COMPILER_APPICON_NAME = "AppIcon"; }; name = Debug; };
BBA8C94EF7A188828D67CEA7 = { isa = XCBuildConfiguration; baseConfigurationReference = 50778595AA221B068518C8A3; buildSettings = { SDKROOT = "iphoneos"; SUPPORTED_PLATFORMS = "iphoneos iphonesimulator"; CLANG_ENABLE_MODULES = "YES"; ENABLE_USER_SCRIPT_SANDBOXING = "YES"; SWIFT_OPTIMIZATION_LEVEL = "-O"; SWIFT_COMPILATION_MODE = "wholemodule"; SWIFT_ACTIVE_COMPILATION_CONDITIONS = ""; ENABLE_TESTABILITY = "NO"; ONLY_ACTIVE_ARCH = "NO"; PRODUCT_NAME = "$(TARGET_NAME)"; PRODUCT_BUNDLE_IDENTIFIER = "dev.datell.followertracker"; INFOPLIST_FILE = "App/Info.plist"; GENERATE_INFOPLIST_FILE = "NO"; CODE_SIGN_ENTITLEMENTS = "Config/Shared.entitlements"; OTHER_LDFLAGS = "$(inherited) -lsqlite3"; LD_RUNPATH_SEARCH_PATHS = "$(inherited) @executable_path/Frameworks"; APPLICATION_EXTENSION_API_ONLY = "NO"; SKIP_INSTALL = "NO"; ASSETCATALOG_COMPILER_APPICON_NAME = "AppIcon"; }; name = Release; };
5911301EFC84575069722479 = { isa = XCConfigurationList; buildConfigurations = (1D76DE36C7E2AB31F91215B1,BBA8C94EF7A188828D67CEA7,); defaultConfigurationIsVisible = 0; defaultConfigurationName = Release; };
5EF5782E4FAF11D1A7ED8D9E = { isa = PBXNativeTarget; buildConfigurationList = 5911301EFC84575069722479; buildPhases = (2E43205D784F0DBE7EAF4074,F5E7543861731884D46236DF,F875C62DA5327C43ED5447BC,59F0EF556AF35CA7586D8A1E,); buildRules = (); dependencies = (A9181351A1FEE60D4A78323F,); name = FollowerTracker; packageProductDependencies = (A5447A93EC711CF73CAE956D,); productName = FollowerTracker; productReference = 36992FD9EFCC35941EC8F506; productType = "com.apple.product-type.application"; };
D948F60CD2A85B3C631DDE10 = { isa = PBXContainerItemProxy; containerPortal = 98F54143AB4E86B28C3AFEE0; proxyType = 1; remoteGlobalIDString = 5EF5782E4FAF11D1A7ED8D9E; remoteInfo = FollowerTracker; };
AA912C4D9FBD473D0F05C6A5 = { isa = PBXTargetDependency; target = 5EF5782E4FAF11D1A7ED8D9E; targetProxy = D948F60CD2A85B3C631DDE10; };
EFB8B2CD1E9C1013F6931D95 = { isa = PBXBuildFile; fileRef = C41D5208F8E0249DF1ED7D77; };
5F11C601E0ED28173E3978E6 = { isa = PBXBuildFile; fileRef = 25372F334F78BBCBCAA33D18; };
1A3945805A8810DE748A5D49 = { isa = PBXBuildFile; fileRef = 1D5DAA9836375D201BB02DB2; };
1C32A39C0F312821652E8423 = { isa = PBXBuildFile; fileRef = B687AE9209285387956CE2BC; };
FD6512C56B7C503794A301E4 = { isa = PBXSourcesBuildPhase; buildActionMask = 2147483647; files = (EFB8B2CD1E9C1013F6931D95,5F11C601E0ED28173E3978E6,1A3945805A8810DE748A5D49,1C32A39C0F312821652E8423,); runOnlyForDeploymentPostprocessing = 0; };
14547A6D4905102FA8DD41C2 = { isa = XCSwiftPackageProductDependency; package = CF21FADD42EAB8F8303A3895; productName = FollowerCore; };
ABF51928CA1140BA21335D92 = { isa = PBXBuildFile; productRef = 14547A6D4905102FA8DD41C2; };
0F194C20A28A320F4CB82888 = { isa = PBXFrameworksBuildPhase; buildActionMask = 2147483647; files = (ABF51928CA1140BA21335D92,); runOnlyForDeploymentPostprocessing = 0; };
363B9B1B80B2633E053E1C6D = { isa = XCBuildConfiguration; baseConfigurationReference = 50778595AA221B068518C8A3; buildSettings = { SDKROOT = "iphoneos"; SUPPORTED_PLATFORMS = "iphoneos iphonesimulator"; CLANG_ENABLE_MODULES = "YES"; ENABLE_USER_SCRIPT_SANDBOXING = "YES"; SWIFT_OPTIMIZATION_LEVEL = "-Onone"; SWIFT_COMPILATION_MODE = "singlefile"; SWIFT_ACTIVE_COMPILATION_CONDITIONS = "DEBUG"; ENABLE_TESTABILITY = "YES"; ONLY_ACTIVE_ARCH = "YES"; PRODUCT_NAME = "$(TARGET_NAME)"; PRODUCT_BUNDLE_IDENTIFIER = "dev.datell.followertracker.tests"; GENERATE_INFOPLIST_FILE = "YES"; TEST_HOST = "$(BUILT_PRODUCTS_DIR)/FollowerTracker.app/$(BUNDLE_EXECUTABLE_FOLDER_PATH)/FollowerTracker"; BUNDLE_LOADER = "$(TEST_HOST)"; LD_RUNPATH_SEARCH_PATHS = "$(inherited) @executable_path/Frameworks @loader_path/Frameworks"; SKIP_INSTALL = "YES"; }; name = Debug; };
E6EA80447F0D1DC2102B6C65 = { isa = XCBuildConfiguration; baseConfigurationReference = 50778595AA221B068518C8A3; buildSettings = { SDKROOT = "iphoneos"; SUPPORTED_PLATFORMS = "iphoneos iphonesimulator"; CLANG_ENABLE_MODULES = "YES"; ENABLE_USER_SCRIPT_SANDBOXING = "YES"; SWIFT_OPTIMIZATION_LEVEL = "-O"; SWIFT_COMPILATION_MODE = "wholemodule"; SWIFT_ACTIVE_COMPILATION_CONDITIONS = ""; ENABLE_TESTABILITY = "NO"; ONLY_ACTIVE_ARCH = "NO"; PRODUCT_NAME = "$(TARGET_NAME)"; PRODUCT_BUNDLE_IDENTIFIER = "dev.datell.followertracker.tests"; GENERATE_INFOPLIST_FILE = "YES"; TEST_HOST = "$(BUILT_PRODUCTS_DIR)/FollowerTracker.app/$(BUNDLE_EXECUTABLE_FOLDER_PATH)/FollowerTracker"; BUNDLE_LOADER = "$(TEST_HOST)"; LD_RUNPATH_SEARCH_PATHS = "$(inherited) @executable_path/Frameworks @loader_path/Frameworks"; SKIP_INSTALL = "YES"; }; name = Release; };
599D432963A1460D5823C748 = { isa = XCConfigurationList; buildConfigurations = (363B9B1B80B2633E053E1C6D,E6EA80447F0D1DC2102B6C65,); defaultConfigurationIsVisible = 0; defaultConfigurationName = Release; };
7EC8F98B7A265120217712DE = { isa = PBXNativeTarget; buildConfigurationList = 599D432963A1460D5823C748; buildPhases = (FD6512C56B7C503794A301E4,0F194C20A28A320F4CB82888,); buildRules = (); dependencies = (AA912C4D9FBD473D0F05C6A5,); name = FollowerTrackerTests; packageProductDependencies = (14547A6D4905102FA8DD41C2,); productName = FollowerTrackerTests; productReference = 1BDCCF10062BC847C2914E5C; productType = "com.apple.product-type.bundle.unit-test"; };
95F93B32F4C5486ABD3E1C94 = { isa = XCBuildConfiguration; baseConfigurationReference = 50778595AA221B068518C8A3; buildSettings = { SDKROOT = "iphoneos"; SUPPORTED_PLATFORMS = "iphoneos iphonesimulator"; CLANG_ENABLE_MODULES = "YES"; ENABLE_USER_SCRIPT_SANDBOXING = "YES"; SWIFT_OPTIMIZATION_LEVEL = "-Onone"; SWIFT_COMPILATION_MODE = "singlefile"; SWIFT_ACTIVE_COMPILATION_CONDITIONS = "DEBUG"; ENABLE_TESTABILITY = "YES"; ONLY_ACTIVE_ARCH = "YES"; }; name = Debug; };
072D940E755E71CA4CA58476 = { isa = XCBuildConfiguration; baseConfigurationReference = 50778595AA221B068518C8A3; buildSettings = { SDKROOT = "iphoneos"; SUPPORTED_PLATFORMS = "iphoneos iphonesimulator"; CLANG_ENABLE_MODULES = "YES"; ENABLE_USER_SCRIPT_SANDBOXING = "YES"; SWIFT_OPTIMIZATION_LEVEL = "-O"; SWIFT_COMPILATION_MODE = "wholemodule"; SWIFT_ACTIVE_COMPILATION_CONDITIONS = ""; ENABLE_TESTABILITY = "NO"; ONLY_ACTIVE_ARCH = "NO"; }; name = Release; };
FCBE72429C0B1B8B87DC8CC9 = { isa = XCConfigurationList; buildConfigurations = (95F93B32F4C5486ABD3E1C94,072D940E755E71CA4CA58476,); defaultConfigurationIsVisible = 0; defaultConfigurationName = Release; };
98F54143AB4E86B28C3AFEE0 = { isa = PBXProject; attributes = { BuildIndependentTargetsInParallel = YES; LastUpgradeCheck = 2660; }; buildConfigurationList = FCBE72429C0B1B8B87DC8CC9; compatibilityVersion = "Xcode 14.0"; developmentRegion = ko; hasScannedForEncodings = 0; knownRegions = (ko,en,Base,); mainGroup = 870B3294C0CBD48AF6BBCC1B; packageReferences = (CF21FADD42EAB8F8303A3895,); productRefGroup = FBDC4F23F93125BBEEAE800C; projectDirPath = ""; projectRoot = ""; targets = (5EF5782E4FAF11D1A7ED8D9E,6BB5464F1181450883D9881F,7EC8F98B7A265120217712DE,); };
}; rootObject = 98F54143AB4E86B28C3AFEE0; }
